
Microsoft Visual Studio Solution File, Format Version 12.00
# Visual Studio 15
VisualStudioVersion = 15.0.26430.16
MinimumVisualStudioVersion = 10.0.40219.1
Project("{FAE04EC0-301F-11D3-BF4B-00C04F79EFBC}") = "MonkeySharp.Console", "MonkeySharp.Console\MonkeySharp.Console.csproj", "{DE35B408-1317-41BF-94A6-241392FBAD3A}"
EndProject
Project("{FAE04EC0-301F-11D3-BF4B-00C04F79EFBC}") = "MonkeySharp.Test", "MonkeySharp.Test\MonkeySharp.Test.csproj", "{FF03A908-6E7C-44C6-91EA-E24C0269038E}"
EndProject
Global
	GlobalSection(SolutionConfigurationPlatforms) = preSolution
		Debug|Any CPU = Debug|Any CPU
		Release|Any CPU = Release|Any CPU
	EndGlobalSection
	GlobalSection(ProjectConfigurationPlatforms) = postSolution
		{DE35B408-1317-41BF-94A6-241392FBAD3A}.Debug|Any CPU.ActiveCfg = Debug|Any CPU
		{DE35B408-1317-41BF-94A6-241392FBAD3A}.Debug|Any CPU.Build.0 = Debug|Any CPU
		{DE35B408-1317-41BF-94A6-241392FBAD3A}.Release|Any CPU.ActiveCfg = Release|Any CPU
		{DE35B408-1317-41BF-94A6-241392FBAD3A}.Release|Any CPU.Build.0 = Release|Any CPU
		{FF03A908-6E7C-44C6-91EA-E24C0269038E}.Debug|Any CPU.ActiveCfg = Debug|Any CPU
		{FF03A908-6E7C-44C6-91EA-E24C0269038E}.Debug|Any CPU.Build.0 = Debug|Any CPU
		{FF03A908-6E7C-44C6-91EA-E24C0269038E}.Release|Any CPU.ActiveCfg = Release|Any CPU
		{FF03A908-6E7C-44C6-91EA-E24C0269038E}.Release|Any CPU.Build.0 = Release|Any CPU
	EndGlobalSection
	GlobalSection(SolutionProperties) = preSolution
		HideSolutionNode = FALSE
	EndGlobalSection
EndGlobal
